
Microsoft Visual Studio Solution File, Format Version 12.00
# Visual Studio 15
VisualStudioVersion = 15.0.27130.2020
MinimumVisualStudioVersion = 10.0.40219.1
Project("{9A19103F-16F7-4668-BE54-9A1E7A4F7556}") = "GisLibrary", "GisLibrary\GisLibrary.csproj", "{22441B4A-2531-4ED0-ADD0-5946A92DD591}"
EndProject
Project("{FAE04EC0-301F-11D3-BF4B-00C04F79EFBC}") = "UnitTestProject", "UnitTestProject\UnitTestProject.csproj", "{F34F291E-530D-4896-B44F-7DF77A63D100}"
EndProject
Global
	GlobalSection(SolutionConfigurationPlatforms) = preSolution
		Debug|Any CPU = Debug|Any CPU
		Release|Any CPU = Release|Any CPU
	EndGlobalSection
	GlobalSection(ProjectConfigurationPlatforms) = postSolution
		{22441B4A-2531-4ED0-ADD0-5946A92DD591}.Debug|Any CPU.ActiveCfg = Debug|Any CPU
		{22441B4A-2531-4ED0-ADD0-5946A92DD591}.Debug|Any CPU.Build.0 = Debug|Any CPU
		{22441B4A-2531-4ED0-ADD0-5946A92DD591}.Release|Any CPU.ActiveCfg = Release|Any CPU
		{22441B4A-2531-4ED0-ADD0-5946A92DD591}.Release|Any CPU.Build.0 = Release|Any CPU
		{F34F291E-530D-4896-B44F-7DF77A63D100}.Debug|Any CPU.ActiveCfg = Debug|Any CPU
		{F34F291E-530D-4896-B44F-7DF77A63D100}.Debug|Any CPU.Build.0 = Debug|Any CPU
		{F34F291E-530D-4896-B44F-7DF77A63D100}.Release|Any CPU.ActiveCfg = Release|Any CPU
		{F34F291E-530D-4896-B44F-7DF77A63D100}.Release|Any CPU.Build.0 = Release|Any CPU
	EndGlobalSection
	GlobalSection(SolutionProperties) = preSolution
		HideSolutionNode = FALSE
	EndGlobalSection
	GlobalSection(ExtensibilityGlobals) = postSolution
		SolutionGuid = {7BE36603-B773-4A1F-9B15-8416D659D554}
	EndGlobalSection
EndGlobal
